# @generated - this file is auto-generated by `mise lock` https://mise.jdx.dev/dev-tools/mise-lock.html

[[tools."cargo:cargo-deny"]]
version = "0.19.8"
backend = "cargo:cargo-deny"

[[tools.cmake]]
version = "3.26.4"
backend = "aqua:Kitware/CMake"

[tools.cmake."platforms.linux-x64"]
url = "https://github.com/Kitware/CMake/releases/download/v3.26.4/cmake-3.26.4-linux-x86_64.tar.gz"

[tools.cmake."platforms.macos-arm64"]
url = "https://github.com/Kitware/CMake/releases/download/v3.26.4/cmake-3.26.4-macos-universal.tar.gz"

[tools.cmake."platforms.windows-x64"]
url = "https://github.com/Kitware/CMake/releases/download/v3.26.4/cmake-3.26.4-windows-x86_64.zip"

[[tools.node]]
version = "26.2.0"
backend = "core:node"

[tools.node."platforms.linux-x64"]
checksum = "sha256:8e5b4b969bb2414aca2ff84d2b99608511aedca32bf8a8427e6187dbdd703bbe"
url = "https://nodejs.org/dist/v26.2.0/node-v26.2.0-linux-x64.tar.gz"

[tools.node."platforms.macos-arm64"]
checksum = "sha256:2d8575b6a749c0bc66cc6ecd22a952f7d9bbf3b0ea76fcb0ed3ce858018afff7"
url = "https://nodejs.org/dist/v26.2.0/node-v26.2.0-darwin-arm64.tar.gz"

[tools.node."platforms.windows-x64"]
checksum = "sha256:371071a4f7e2c8a5dd280730049c685911feecc59f50ebc488d675dc1087c69c"
url = "https://nodejs.org/dist/v26.2.0/node-v26.2.0-win-x64.zip"

[[tools."npm:pnpm"]]
version = "11.4.0"
backend = "npm:pnpm"

[[tools.protoc]]
version = "33.2"
backend = "aqua:protocolbuffers/protobuf/protoc"

[tools.protoc."platforms.linux-x64"]
checksum = "sha256:b24b53f87c151bfd48b112fe4c3a6e6574e5198874f38036aff41df3456b8caf"
url = "https://github.com/protocolbuffers/protobuf/releases/download/v33.2/protoc-33.2-linux-x86_64.zip"

[tools.protoc."platforms.macos-arm64"]
checksum = "sha256:5be1427127788c9f7dd7d606c3e69843dd3587327dea993917ffcb77e7234b44"
url = "https://github.com/protocolbuffers/protobuf/releases/download/v33.2/protoc-33.2-osx-aarch_64.zip"

[tools.protoc."platforms.windows-x64"]
checksum = "sha256:376770cd4073beb63db56fdd339260edb9957b3c4472e05a75f5f9ec8f98d8f5"
url = "https://github.com/protocolbuffers/protobuf/releases/download/v33.2/protoc-33.2-win64.zip"

[[tools.rust]]
version = "1.95.0"
backend = "core:rust"

[[tools.uv]]
version = "0.11.16"
backend = "aqua:astral-sh/uv"

[tools.uv."platforms.linux-x64"]
checksum = "sha256:1bc4be1be0a000f893b0d1db97906cf392b63fa22fda9a0ecf33d0d4bbb4bc9a"
url = "https://github.com/astral-sh/uv/releases/download/0.11.16/uv-x86_64-unknown-linux-musl.tar.gz"
provenance = "github-attestations"

[tools.uv."platforms.macos-arm64"]
checksum = "sha256:2b25be1af546be330b340b0a76b99f989daa6d92678fdffb87438e661e9d88fb"
url = "https://github.com/astral-sh/uv/releases/download/0.11.16/uv-aarch64-apple-darwin.tar.gz"
provenance = "github-attestations"

[tools.uv."platforms.windows-x64"]
checksum = "sha256:dd9d6d6554bfab265bfa98aa8e8a406c5c3a7b97582f93de1f4d48d9154a0395"
url = "https://github.com/astral-sh/uv/releases/download/0.11.16/uv-x86_64-pc-windows-msvc.zip"
provenance = "github-attestations"
